
Microsoft Visual Studio Solution File, Format Version 12.00
# Visual Studio Version 17
VisualStudioVersion = 17.13.35806.99 d17.13
MinimumVisualStudioVersion = 10.0.40219.1
Project("{FAE04EC0-301F-11D3-BF4B-00C04F79EFBC}") = "MiPrimerProyecto_clase02", "MiPrimerProyecto_clase02\MiPrimerProyecto_clase02.csproj", "{24105A16-471E-4522-B46B-A857F0D176AD}"
EndProject
Global
	GlobalSection(SolutionConfigurationPlatforms) = preSolution
		Debug|Any CPU = Debug|Any CPU
		Release|Any CPU = Release|Any CPU
	EndGlobalSection
	GlobalSection(ProjectConfigurationPlatforms) = postSolution
		{24105A16-471E-4522-B46B-A857F0D176AD}.Debug|Any CPU.ActiveCfg = Debug|Any CPU
		{24105A16-471E-4522-B46B-A857F0D176AD}.Debug|Any CPU.Build.0 = Debug|Any CPU
		{24105A16-471E-4522-B46B-A857F0D176AD}.Release|Any CPU.ActiveCfg = Release|Any CPU
		{24105A16-471E-4522-B46B-A857F0D176AD}.Release|Any CPU.Build.0 = Release|Any CPU
	EndGlobalSection
	GlobalSection(SolutionProperties) = preSolution
		HideSolutionNode = FALSE
	EndGlobalSection
	GlobalSection(ExtensibilityGlobals) = postSolution
		SolutionGuid = {E9DBD699-C394-4DDA-9C56-F6C942A9DF5E}
	EndGlobalSection
EndGlobal
